
Microsoft Visual Studio Solution File, Format Version 12.00
# Visual Studio Version 17
VisualStudioVersion = 17.13.35825.156 d17.13
MinimumVisualStudioVersion = 10.0.40219.1
Project("{FAE04EC0-301F-11D3-BF4B-00C04F79EFBC}") = "UC-Page-d'accueil", "UC-Page-d'accueil.csproj", "{13676D07-C9E7-40C0-9376-5E29FB496B50}"
EndProject
Global
	GlobalSection(SolutionConfigurationPlatforms) = preSolution
		Debug|Any CPU = Debug|Any CPU
		Release|Any CPU = Release|Any CPU
	EndGlobalSection
	GlobalSection(ProjectConfigurationPlatforms) = postSolution
		{13676D07-C9E7-40C0-9376-5E29FB496B50}.Debug|Any CPU.ActiveCfg = Debug|Any CPU
		{13676D07-C9E7-40C0-9376-5E29FB496B50}.Debug|Any CPU.Build.0 = Debug|Any CPU
		{13676D07-C9E7-40C0-9376-5E29FB496B50}.Release|Any CPU.ActiveCfg = Release|Any CPU
		{13676D07-C9E7-40C0-9376-5E29FB496B50}.Release|Any CPU.Build.0 = Release|Any CPU
	EndGlobalSection
	GlobalSection(SolutionProperties) = preSolution
		HideSolutionNode = FALSE
	EndGlobalSection
	GlobalSection(ExtensibilityGlobals) = postSolution
		SolutionGuid = {E83A8DDF-8816-4694-8813-B46F1C07DF5F}
	EndGlobalSection
EndGlobal
