
Microsoft Visual Studio Solution File, Format Version 12.00
# Visual Studio Version 17
VisualStudioVersion = 17.10.34928.147
MinimumVisualStudioVersion = 10.0.40219.1
Project("{FAE04EC0-301F-11D3-BF4B-00C04F79EFBC}") = "UCMenue", "UCMenue.csproj", "{78338A77-47B8-4D06-BC92-2CBF63BA7FE4}"
EndProject
Project("{FAE04EC0-301F-11D3-BF4B-00C04F79EFBC}") = "FormCreationMission", "..\FormCreationMission\FormCreationMission.csproj", "{8A63E9D9-5BF8-4633-963C-F87589628EF1}"
EndProject
Global
	GlobalSection(SolutionConfigurationPlatforms) = preSolution
		Debug|Any CPU = Debug|Any CPU
		Release|Any CPU = Release|Any CPU
	EndGlobalSection
	GlobalSection(ProjectConfigurationPlatforms) = postSolution
		{78338A77-47B8-4D06-BC92-2CBF63BA7FE4}.Debug|Any CPU.ActiveCfg = Debug|Any CPU
		{78338A77-47B8-4D06-BC92-2CBF63BA7FE4}.Debug|Any CPU.Build.0 = Debug|Any CPU
		{78338A77-47B8-4D06-BC92-2CBF63BA7FE4}.Release|Any CPU.ActiveCfg = Release|Any CPU
		{78338A77-47B8-4D06-BC92-2CBF63BA7FE4}.Release|Any CPU.Build.0 = Release|Any CPU
		{8A63E9D9-5BF8-4633-963C-F87589628EF1}.Debug|Any CPU.ActiveCfg = Debug|Any CPU
		{8A63E9D9-5BF8-4633-963C-F87589628EF1}.Debug|Any CPU.Build.0 = Debug|Any CPU
		{8A63E9D9-5BF8-4633-963C-F87589628EF1}.Release|Any CPU.ActiveCfg = Release|Any CPU
		{8A63E9D9-5BF8-4633-963C-F87589628EF1}.Release|Any CPU.Build.0 = Release|Any CPU
	EndGlobalSection
	GlobalSection(SolutionProperties) = preSolution
		HideSolutionNode = FALSE
	EndGlobalSection
	GlobalSection(ExtensibilityGlobals) = postSolution
		SolutionGuid = {28928ACB-0D4B-4690-9E8B-367E9C675F78}
	EndGlobalSection
EndGlobal
